
Microsoft Visual Studio Solution File, Format Version 12.00
# Visual Studio Version 16
VisualStudioVersion = 16.0.32901.82
MinimumVisualStudioVersion = 10.0.40219.1
Project("{9A19103F-16F7-4668-BE54-9A1E7A4F7556}") = "ClosuresExample", "ClosuresExample.csproj", "{1C3012B8-1D42-4B3F-975D-78F3B7E34A79}"
EndProject
Global
	GlobalSection(SolutionConfigurationPlatforms) = preSolution
		Debug|Any CPU = Debug|Any CPU
		Release|Any CPU = Release|Any CPU
	EndGlobalSection
	GlobalSection(ProjectConfigurationPlatforms) = postSolution
		{1C3012B8-1D42-4B3F-975D-78F3B7E34A79}.Debug|Any CPU.ActiveCfg = Debug|Any CPU
		{1C3012B8-1D42-4B3F-975D-78F3B7E34A79}.Debug|Any CPU.Build.0 = Debug|Any CPU
		{1C3012B8-1D42-4B3F-975D-78F3B7E34A79}.Release|Any CPU.ActiveCfg = Release|Any CPU
		{1C3012B8-1D42-4B3F-975D-78F3B7E34A79}.Release|Any CPU.Build.0 = Release|Any CPU
	EndGlobalSection
	GlobalSection(SolutionProperties) = preSolution
		HideSolutionNode = FALSE
	EndGlobalSection
	GlobalSection(ExtensibilityGlobals) = postSolution
		SolutionGuid = {38EF2666-2F82-4271-BFBB-F6FD1C2F9BEF}
	EndGlobalSection
EndGlobal
